// !$*UTF8*$!
{
	archiveVersion = 1;
	classes = {
	};
	objectVersion = 46;
	objects = {

/* Begin PBXBuildFile section */
		451CD1AA19ABC09F005DB8DF /* SlideNavigationController.swift in Sources */ = {isa = PBXBuildFile; fileRef = 451CD1A919ABC09F005DB8DF /* SlideNavigationController.swift */; };
		451CD1AD19ABC124005DB8DF /* SlideAnimationSlide.swift in Sources */ = {isa = PBXBuildFile; fileRef = 451CD1AC19ABC124005DB8DF /* SlideAnimationSlide.swift */; };
		451CD1AF19ABC2CE005DB8DF /* MenuCell.swift in Sources */ = {isa = PBXBuildFile; fileRef = 451CD1AE19ABC2CE005DB8DF /* MenuCell.swift */; };
		451CD1B219ABC71B005DB8DF /* TagViewController.swift in Sources */ = {isa = PBXBuildFile; fileRef = 451CD1B119ABC71B005DB8DF /* TagViewController.swift */; };
		451CD1B419ABC77A005DB8DF /* TagCell.swift in Sources */ = {isa = PBXBuildFile; fileRef = 451CD1B319ABC77A005DB8DF /* TagCell.swift */; };
		451CD1B619ABDC8B005DB8DF /* AddTagViewController.swift in Sources */ = {isa = PBXBuildFile; fileRef = 451CD1B519ABDC8B005DB8DF /* AddTagViewController.swift */; };
		451CD1B819ABDC9E005DB8DF /* EditTagViewController.swift in Sources */ = {isa = PBXBuildFile; fileRef = 451CD1B719ABDC9E005DB8DF /* EditTagViewController.swift */; };
		45272DE219A8F421000EE553 /* AddTaskViewController.swift in Sources */ = {isa = PBXBuildFile; fileRef = 45272DE119A8F421000EE553 /* AddTaskViewController.swift */; };
		45492BC81A581EFB0051C9C5 /* NoTaskCell.swift in Sources */ = {isa = PBXBuildFile; fileRef = 45492BC71A581EFB0051C9C5 /* NoTaskCell.swift */; };
		45492BCC1A5835640051C9C5 /* NSDateExtension.swift in Sources */ = {isa = PBXBuildFile; fileRef = 45492BCB1A5835640051C9C5 /* NSDateExtension.swift */; };
		454CD71419AB4B2C0052FD17 /* MenuViewController.swift in Sources */ = {isa = PBXBuildFile; fileRef = 454CD71319AB4B2C0052FD17 /* MenuViewController.swift */; };
		454CD71719AB4C230052FD17 /* Tag.swift in Sources */ = {isa = PBXBuildFile; fileRef = 454CD71619AB4C230052FD17 /* Tag.swift */; };
		457D74A219CD818D00364182 /* FilterViewController.swift in Sources */ = {isa = PBXBuildFile; fileRef = 457D74A119CD818D00364182 /* FilterViewController.swift */; };
		457D74A419CD82B000364182 /* FilterCell.swift in Sources */ = {isa = PBXBuildFile; fileRef = 457D74A319CD82B000364182 /* FilterCell.swift */; };
		4596A32219D1E1C000FC09F4 /* EditTaskCell.swift in Sources */ = {isa = PBXBuildFile; fileRef = 4596A32119D1E1C000FC09F4 /* EditTaskCell.swift */; };
		45993D9A19AA29CA00B371CE /* EditTaskViewController.swift in Sources */ = {isa = PBXBuildFile; fileRef = 45993D9919AA29CA00B371CE /* EditTaskViewController.swift */; };
		45A2FC6219A8BDC700ADEABA /* TaskCell.swift in Sources */ = {isa = PBXBuildFile; fileRef = 45A2FC6119A8BDC700ADEABA /* TaskCell.swift */; };
		45A2FC6419A8BE0000ADEABA /* Task.swift in Sources */ = {isa = PBXBuildFile; fileRef = 45A2FC6319A8BE0000ADEABA /* Task.swift */; };
		45B62AF519B1E05300912F76 /* MenuLogoCell.swift in Sources */ = {isa = PBXBuildFile; fileRef = 45B62AF419B1E05300912F76 /* MenuLogoCell.swift */; };
		45B62AF719BDAAB500912F76 /* DetailTagViewController.swift in Sources */ = {isa = PBXBuildFile; fileRef = 45B62AF619BDAAB500912F76 /* DetailTagViewController.swift */; };
		45DE9C9319A8BB82004AB634 /* AppDelegate.swift in Sources */ = {isa = PBXBuildFile; fileRef = 45DE9C9219A8BB82004AB634 /* AppDelegate.swift */; };
		45DE9C9519A8BB82004AB634 /* TaskViewController.swift in Sources */ = {isa = PBXBuildFile; fileRef = 45DE9C9419A8BB82004AB634 /* TaskViewController.swift */; };
		45DE9C9A19A8BB82004AB634 /* Images.xcassets in Resources */ = {isa = PBXBuildFile; fileRef = 45DE9C9919A8BB82004AB634 /* Images.xcassets */; };
		45DE9CA619A8BB82004AB634 /* TDLTests.swift in Sources */ = {isa = PBXBuildFile; fileRef = 45DE9CA519A8BB82004AB634 /* TDLTests.swift */; };
		45F367A719AC70A300F6B36B /* TodayTaskViewController.swift in Sources */ = {isa = PBXBuildFile; fileRef = 45F367A619AC70A300F6B36B /* TodayTaskViewController.swift */; };
		45F367BF19ACCCCB00F6B36B /* TodayNoTaskCell.swift in Sources */ = {isa = PBXBuildFile; fileRef = 45F367BE19ACCCCB00F6B36B /* TodayNoTaskCell.swift */; };
		45F80CD119C9CB5B00743479 /* CustomFrames.swift in Sources */ = {isa = PBXBuildFile; fileRef = 45F80CD019C9CB5B00743479 /* CustomFrames.swift */; };
/* End PBXBuildFile section */

/* Begin PBXContainerItemProxy section */
		45DE9CA019A8BB82004AB634 /* PBXContainerItemProxy */ = {
			isa = PBXContainerItemProxy;
			containerPortal = 45DE9C8519A8BB82004AB634 /* Project object */;
			proxyType = 1;
			remoteGlobalIDString = 45DE9C8C19A8BB82004AB634;
			remoteInfo = TDL;
		};
/* End PBXContainerItemProxy section */

/* Begin PBXFileReference section */
		451CD1A919ABC09F005DB8DF /* SlideNavigationController.swift */ = {isa = PBXFileReference; fileEncoding = 4; lastKnownFileType = sourcecode.swift; lineEnding = 0; path = SlideNavigationController.swift; sourceTree = "<group>"; xcLanguageSpecificationIdentifier = xcode.lang.swift; };
		451CD1AC19ABC124005DB8DF /* SlideAnimationSlide.swift */ = {isa = PBXFileReference; fileEncoding = 4; lastKnownFileType = sourcecode.swift; path = SlideAnimationSlide.swift; sourceTree = "<group>"; };
		451CD1AE19ABC2CE005DB8DF /* MenuCell.swift */ = {isa = PBXFileReference; fileEncoding = 4; lastKnownFileType = sourcecode.swift; lineEnding = 0; path = MenuCell.swift; sourceTree = "<group>"; xcLanguageSpecificationIdentifier = xcode.lang.swift; };
		451CD1B119ABC71B005DB8DF /* TagViewController.swift */ = {isa = PBXFileReference; fileEncoding = 4; lastKnownFileType = sourcecode.swift; lineEnding = 0; path = TagViewController.swift; sourceTree = "<group>"; xcLanguageSpecificationIdentifier = xcode.lang.swift; };
		451CD1B319ABC77A005DB8DF /* TagCell.swift */ = {isa = PBXFileReference; fileEncoding = 4; lastKnownFileType = sourcecode.swift; lineEnding = 0; path = TagCell.swift; sourceTree = "<group>"; xcLanguageSpecificationIdentifier = xcode.lang.swift; };
		451CD1B519ABDC8B005DB8DF /* AddTagViewController.swift */ = {isa = PBXFileReference; fileEncoding = 4; lastKnownFileType = sourcecode.swift; lineEnding = 0; path = AddTagViewController.swift; sourceTree = "<group>"; xcLanguageSpecificationIdentifier = xcode.lang.swift; };
		451CD1B719ABDC9E005DB8DF /* EditTagViewController.swift */ = {isa = PBXFileReference; fileEncoding = 4; lastKnownFileType = sourcecode.swift; path = EditTagViewController.swift; sourceTree = "<group>"; };
		45272DE119A8F421000EE553 /* AddTaskViewController.swift */ = {isa = PBXFileReference; fileEncoding = 4; lastKnownFileType = sourcecode.swift; lineEnding = 0; path = AddTaskViewController.swift; sourceTree = "<group>"; xcLanguageSpecificationIdentifier = xcode.lang.swift; };
		45492BC71A581EFB0051C9C5 /* NoTaskCell.swift */ = {isa = PBXFileReference; fileEncoding = 4; lastKnownFileType = sourcecode.swift; path = NoTaskCell.swift; sourceTree = "<group>"; };
		45492BCB1A5835640051C9C5 /* NSDateExtension.swift */ = {isa = PBXFileReference; fileEncoding = 4; lastKnownFileType = sourcecode.swift; path = NSDateExtension.swift; sourceTree = "<group>"; };
		454CD71319AB4B2C0052FD17 /* MenuViewController.swift */ = {isa = PBXFileReference; fileEncoding = 4; lastKnownFileType = sourcecode.swift; lineEnding = 0; path = MenuViewController.swift; sourceTree = "<group>"; xcLanguageSpecificationIdentifier = xcode.lang.swift; };
		454CD71619AB4C230052FD17 /* Tag.swift */ = {isa = PBXFileReference; fileEncoding = 4; lastKnownFileType = sourcecode.swift; path = Tag.swift; sourceTree = "<group>"; };
		457D74A119CD818D00364182 /* FilterViewController.swift */ = {isa = PBXFileReference; fileEncoding = 4; lastKnownFileType = sourcecode.swift; path = FilterViewController.swift; sourceTree = "<group>"; };
		457D74A319CD82B000364182 /* FilterCell.swift */ = {isa = PBXFileReference; fileEncoding = 4; lastKnownFileType = sourcecode.swift; path = FilterCell.swift; sourceTree = "<group>"; };
		4596A32119D1E1C000FC09F4 /* EditTaskCell.swift */ = {isa = PBXFileReference; fileEncoding = 4; lastKnownFileType = sourcecode.swift; path = EditTaskCell.swift; sourceTree = "<group>"; };
		45993D9919AA29CA00B371CE /* EditTaskViewController.swift */ = {isa = PBXFileReference; fileEncoding = 4; lastKnownFileType = sourcecode.swift; path = EditTaskViewController.swift; sourceTree = "<group>"; };
		45A2FC6119A8BDC700ADEABA /* TaskCell.swift */ = {isa = PBXFileReference; fileEncoding = 4; lastKnownFileType = sourcecode.swift; lineEnding = 0; path = TaskCell.swift; sourceTree = "<group>"; xcLanguageSpecificationIdentifier = xcode.lang.swift; };
		45A2FC6319A8BE0000ADEABA /* Task.swift */ = {isa = PBXFileReference; fileEncoding = 4; lastKnownFileType = sourcecode.swift; lineEnding = 0; path = Task.swift; sourceTree = "<group>"; xcLanguageSpecificationIdentifier = xcode.lang.swift; };
		45B62AF419B1E05300912F76 /* MenuLogoCell.swift */ = {isa = PBXFileReference; fileEncoding = 4; lastKnownFileType = sourcecode.swift; path = MenuLogoCell.swift; sourceTree = "<group>"; };
		45B62AF619BDAAB500912F76 /* DetailTagViewController.swift */ = {isa = PBXFileReference; fileEncoding = 4; lastKnownFileType = sourcecode.swift; lineEnding = 0; path = DetailTagViewController.swift; sourceTree = "<group>"; xcLanguageSpecificationIdentifier = xcode.lang.swift; };
		45DE9C8D19A8BB82004AB634 /* TDL.app */ = {isa = PBXFileReference; explicitFileType = wrapper.application; includeInIndex = 0; path = TDL.app; sourceTree = BUILT_PRODUCTS_DIR; };
		45DE9C9119A8BB82004AB634 /* Info.plist */ = {isa = PBXFileReference; lastKnownFileType = text.plist.xml; path = Info.plist; sourceTree = "<group>"; };
		45DE9C9219A8BB82004AB634 /* AppDelegate.swift */ = {isa = PBXFileReference; lastKnownFileType = sourcecode.swift; lineEnding = 0; path = AppDelegate.swift; sourceTree = "<group>"; xcLanguageSpecificationIdentifier = xcode.lang.swift; };
		45DE9C9419A8BB82004AB634 /* TaskViewController.swift */ = {isa = PBXFileReference; lastKnownFileType = sourcecode.swift; lineEnding = 0; path = TaskViewController.swift; sourceTree = "<group>"; xcLanguageSpecificationIdentifier = xcode.lang.swift; };
		45DE9C9919A8BB82004AB634 /* Images.xcassets */ = {isa = PBXFileReference; lastKnownFileType = folder.assetcatalog; path = Images.xcassets; sourceTree = "<group>"; };
		45DE9C9F19A8BB82004AB634 /* TDLTests.xctest */ = {isa = PBXFileReference; explicitFileType = wrapper.cfbundle; includeInIndex = 0; path = TDLTests.xctest; sourceTree = BUILT_PRODUCTS_DIR; };
		45DE9CA419A8BB82004AB634 /* Info.plist */ = {isa = PBXFileReference; lastKnownFileType = text.plist.xml; path = Info.plist; sourceTree = "<group>"; };
		45DE9CA519A8BB82004AB634 /* TDLTests.swift */ = {isa = PBXFileReference; lastKnownFileType = sourcecode.swift; path = TDLTests.swift; sourceTree = "<group>"; };
		45F367A619AC70A300F6B36B /* TodayTaskViewController.swift */ = {isa = PBXFileReference; fileEncoding = 4; lastKnownFileType = sourcecode.swift; lineEnding = 0; path = TodayTaskViewController.swift; sourceTree = "<group>"; xcLanguageSpecificationIdentifier = xcode.lang.swift; };
		45F367BE19ACCCCB00F6B36B /* TodayNoTaskCell.swift */ = {isa = PBXFileReference; fileEncoding = 4; lastKnownFileType = sourcecode.swift; path = TodayNoTaskCell.swift; sourceTree = "<group>"; };
		45F80CD019C9CB5B00743479 /* CustomFrames.swift */ = {isa = PBXFileReference; fileEncoding = 4; lastKnownFileType = sourcecode.swift; path = CustomFrames.swift; sourceTree = "<group>"; };
/* End PBXFileReference section */

/* Begin PBXFrameworksBuildPhase section */
		45DE9C8A19A8BB82004AB634 /* Frameworks */ = {
			isa = PBXFrameworksBuildPhase;
			buildActionMask = 2147483647;
			files = (
			);
			runOnlyForDeploymentPostprocessing = 0;
		};
		45DE9C9C19A8BB82004AB634 /* Frameworks */ = {
			isa = PBXFrameworksBuildPhase;
			buildActionMask = 2147483647;
			files = (
			);
			runOnlyForDeploymentPostprocessing = 0;
		};
/* End PBXFrameworksBuildPhase section */

/* Begin PBXGroup section */
		451CD1A819ABC081005DB8DF /* SlideMenu */ = {
			isa = PBXGroup;
			children = (
				451CD1A919ABC09F005DB8DF /* SlideNavigationController.swift */,
				451CD1AC19ABC124005DB8DF /* SlideAnimationSlide.swift */,
			);
			name = SlideMenu;
			sourceTree = "<group>";
		};
		451CD1B019ABC6D3005DB8DF /* Tags */ = {
			isa = PBXGroup;
			children = (
				451CD1B119ABC71B005DB8DF /* TagViewController.swift */,
				451CD1B319ABC77A005DB8DF /* TagCell.swift */,
			);
			name = Tags;
			sourceTree = "<group>";
		};
		454CD71519AB4B470052FD17 /* Menu */ = {
			isa = PBXGroup;
			children = (
				454CD71319AB4B2C0052FD17 /* MenuViewController.swift */,
				45B62AF419B1E05300912F76 /* MenuLogoCell.swift */,
				451CD1AE19ABC2CE005DB8DF /* MenuCell.swift */,
			);
			name = Menu;
			sourceTree = "<group>";
		};
		457D74A019CD815000364182 /* Filters */ = {
			isa = PBXGroup;
			children = (
				457D74A119CD818D00364182 /* FilterViewController.swift */,
				457D74A319CD82B000364182 /* FilterCell.swift */,
			);
			name = Filters;
			sourceTree = "<group>";
		};
		45A2FC6519A8BE9000ADEABA /* Tasks */ = {
			isa = PBXGroup;
			children = (
				45F367A619AC70A300F6B36B /* TodayTaskViewController.swift */,
				45DE9C9419A8BB82004AB634 /* TaskViewController.swift */,
				45B62AF619BDAAB500912F76 /* DetailTagViewController.swift */,
				45A2FC6119A8BDC700ADEABA /* TaskCell.swift */,
				4596A32119D1E1C000FC09F4 /* EditTaskCell.swift */,
				45492BC71A581EFB0051C9C5 /* NoTaskCell.swift */,
				45F367BE19ACCCCB00F6B36B /* TodayNoTaskCell.swift */,
			);
			name = Tasks;
			sourceTree = "<group>";
		};
		45A2FC6719A8BEA900ADEABA /* Modules */ = {
			isa = PBXGroup;
			children = (
				45492BCB1A5835640051C9C5 /* NSDateExtension.swift */,
				45F80CD019C9CB5B00743479 /* CustomFrames.swift */,
				45A2FC6319A8BE0000ADEABA /* Task.swift */,
				454CD71619AB4C230052FD17 /* Tag.swift */,
			);
			name = Modules;
			sourceTree = "<group>";
		};
		45DE9C8419A8BB82004AB634 = {
			isa = PBXGroup;
			children = (
				45DE9C8F19A8BB82004AB634 /* TDL */,
				45DE9CA219A8BB82004AB634 /* TDLTests */,
				45DE9C8E19A8BB82004AB634 /* Products */,
			);
			sourceTree = "<group>";
		};
		45DE9C8E19A8BB82004AB634 /* Products */ = {
			isa = PBXGroup;
			children = (
				45DE9C8D19A8BB82004AB634 /* TDL.app */,
				45DE9C9F19A8BB82004AB634 /* TDLTests.xctest */,
			);
			name = Products;
			sourceTree = "<group>";
		};
		45DE9C8F19A8BB82004AB634 /* TDL */ = {
			isa = PBXGroup;
			children = (
				45DE9C9219A8BB82004AB634 /* AppDelegate.swift */,
				454CD71519AB4B470052FD17 /* Menu */,
				45A2FC6519A8BE9000ADEABA /* Tasks */,
				451CD1B019ABC6D3005DB8DF /* Tags */,
				457D74A019CD815000364182 /* Filters */,
				45F367A519AC706C00F6B36B /* Add/Edit */,
				451CD1A819ABC081005DB8DF /* SlideMenu */,
				45A2FC6719A8BEA900ADEABA /* Modules */,
				45DE9C9019A8BB82004AB634 /* Supporting Files */,
				45DE9C9919A8BB82004AB634 /* Images.xcassets */,
			);
			path = TDL;
			sourceTree = "<group>";
		};
		45DE9C9019A8BB82004AB634 /* Supporting Files */ = {
			isa = PBXGroup;
			children = (
				45DE9C9119A8BB82004AB634 /* Info.plist */,
			);
			name = "Supporting Files";
			sourceTree = "<group>";
		};
		45DE9CA219A8BB82004AB634 /* TDLTests */ = {
			isa = PBXGroup;
			children = (
				45DE9CA519A8BB82004AB634 /* TDLTests.swift */,
				45DE9CA319A8BB82004AB634 /* Supporting Files */,
			);
			path = TDLTests;
			sourceTree = "<group>";
		};
		45DE9CA319A8BB82004AB634 /* Supporting Files */ = {
			isa = PBXGroup;
			children = (
				45DE9CA419A8BB82004AB634 /* Info.plist */,
			);
			name = "Supporting Files";
			sourceTree = "<group>";
		};
		45F367A519AC706C00F6B36B /* Add/Edit */ = {
			isa = PBXGroup;
			children = (
				45993D9919AA29CA00B371CE /* EditTaskViewController.swift */,
				45272DE119A8F421000EE553 /* AddTaskViewController.swift */,
				451CD1B719ABDC9E005DB8DF /* EditTagViewController.swift */,
				451CD1B519ABDC8B005DB8DF /* AddTagViewController.swift */,
			);
			name = Add/Edit;
			sourceTree = "<group>";
		};
/* End PBXGroup section */

/* Begin PBXNativeTarget section */
		45DE9C8C19A8BB82004AB634 /* TDL */ = {
			isa = PBXNativeTarget;
			buildConfigurationList = 45DE9CA919A8BB82004AB634 /* Build configuration list for PBXNativeTarget "TDL" */;
			buildPhases = (
				45DE9C8919A8BB82004AB634 /* Sources */,
				45DE9C8A19A8BB82004AB634 /* Frameworks */,
				45DE9C8B19A8BB82004AB634 /* Resources */,
			);
			buildRules = (
			);
			dependencies = (
			);
			name = TDL;
			productName = TDL;
			productReference = 45DE9C8D19A8BB82004AB634 /* TDL.app */;
			productType = "com.apple.product-type.application";
		};
		45DE9C9E19A8BB82004AB634 /* TDLTests */ = {
			isa = PBXNativeTarget;
			buildConfigurationList = 45DE9CAC19A8BB82004AB634 /* Build configuration list for PBXNativeTarget "TDLTests" */;
			buildPhases = (
				45DE9C9B19A8BB82004AB634 /* Sources */,
				45DE9C9C19A8BB82004AB634 /* Frameworks */,
				45DE9C9D19A8BB82004AB634 /* Resources */,
			);
			buildRules = (
			);
			dependencies = (
				45DE9CA119A8BB82004AB634 /* PBXTargetDependency */,
			);
			name = TDLTests;
			productName = TDLTests;
			productReference = 45DE9C9F19A8BB82004AB634 /* TDLTests.xctest */;
			productType = "com.apple.product-type.bundle.unit-test";
		};
/* End PBXNativeTarget section */

/* Begin PBXProject section */
		45DE9C8519A8BB82004AB634 /* Project object */ = {
			isa = PBXProject;
			attributes = {
				LastUpgradeCheck = 0600;
				ORGANIZATIONNAME = VirrageS;
				TargetAttributes = {
					45DE9C8C19A8BB82004AB634 = {
						CreatedOnToolsVersion = 6.0;
					};
					45DE9C9E19A8BB82004AB634 = {
						CreatedOnToolsVersion = 6.0;
						TestTargetID = 45DE9C8C19A8BB82004AB634;
					};
				};
			};
			buildConfigurationList = 45DE9C8819A8BB82004AB634 /* Build configuration list for PBXProject "TDL" */;
			compatibilityVersion = "Xcode 3.2";
			developmentRegion = English;
			hasScannedForEncodings = 0;
			knownRegions = (
				en,
				Base,
			);
			mainGroup = 45DE9C8419A8BB82004AB634;
			productRefGroup = 45DE9C8E19A8BB82004AB634 /* Products */;
			projectDirPath = "";
			projectRoot = "";
			targets = (
				45DE9C8C19A8BB82004AB634 /* TDL */,
				45DE9C9E19A8BB82004AB634 /* TDLTests */,
			);
		};
/* End PBXProject section */

/* Begin PBXResourcesBuildPhase section */
		45DE9C8B19A8BB82004AB634 /* Resources */ = {
			isa = PBXResourcesBuildPhase;
			buildActionMask = 2147483647;
			files = (
				45DE9C9A19A8BB82004AB634 /* Images.xcassets in Resources */,
			);
			runOnlyForDeploymentPostprocessing = 0;
		};
		45DE9C9D19A8BB82004AB634 /* Resources */ = {
			isa = PBXResourcesBuildPhase;
			buildActionMask = 2147483647;
			files = (
			);
			runOnlyForDeploymentPostprocessing = 0;
		};
/* End PBXResourcesBuildPhase section */

/* Begin PBXSourcesBuildPhase section */
		45DE9C8919A8BB82004AB634 /* Sources */ = {
			isa = PBXSourcesBuildPhase;
			buildActionMask = 2147483647;
			files = (
				45993D9A19AA29CA00B371CE /* EditTaskViewController.swift in Sources */,
				45F80CD119C9CB5B00743479 /* CustomFrames.swift in Sources */,
				45A2FC6219A8BDC700ADEABA /* TaskCell.swift in Sources */,
				45F367BF19ACCCCB00F6B36B /* TodayNoTaskCell.swift in Sources */,
				45A2FC6419A8BE0000ADEABA /* Task.swift in Sources */,
				451CD1B819ABDC9E005DB8DF /* EditTagViewController.swift in Sources */,
				45492BCC1A5835640051C9C5 /* NSDateExtension.swift in Sources */,
				45272DE219A8F421000EE553 /* AddTaskViewController.swift in Sources */,
				45DE9C9519A8BB82004AB634 /* TaskViewController.swift in Sources */,
				451CD1AF19ABC2CE005DB8DF /* MenuCell.swift in Sources */,
				45DE9C9319A8BB82004AB634 /* AppDelegate.swift in Sources */,
				451CD1B619ABDC8B005DB8DF /* AddTagViewController.swift in Sources */,
				45492BC81A581EFB0051C9C5 /* NoTaskCell.swift in Sources */,
				451CD1AA19ABC09F005DB8DF /* SlideNavigationController.swift in Sources */,
				451CD1B419ABC77A005DB8DF /* TagCell.swift in Sources */,
				4596A32219D1E1C000FC09F4 /* EditTaskCell.swift in Sources */,
				45F367A719AC70A300F6B36B /* TodayTaskViewController.swift in Sources */,
				457D74A419CD82B000364182 /* FilterCell.swift in Sources */,
				454CD71419AB4B2C0052FD17 /* MenuViewController.swift in Sources */,
				451CD1B219ABC71B005DB8DF /* TagViewController.swift in Sources */,
				457D74A219CD818D00364182 /* FilterViewController.swift in Sources */,
				454CD71719AB4C230052FD17 /* Tag.swift in Sources */,
				451CD1AD19ABC124005DB8DF /* SlideAnimationSlide.swift in Sources */,
				45B62AF519B1E05300912F76 /* MenuLogoCell.swift in Sources */,
				45B62AF719BDAAB500912F76 /* DetailTagViewController.swift in Sources */,
			);
			runOnlyForDeploymentPostprocessing = 0;
		};
		45DE9C9B19A8BB82004AB634 /* Sources */ = {
			isa = PBXSourcesBuildPhase;
			buildActionMask = 2147483647;
			files = (
				45DE9CA619A8BB82004AB634 /* TDLTests.swift in Sources */,
			);
			runOnlyForDeploymentPostprocessing = 0;
		};
/* End PBXSourcesBuildPhase section */

/* Begin PBXTargetDependency section */
		45DE9CA119A8BB82004AB634 /* PBXTargetDependency */ = {
			isa = PBXTargetDependency;
			target = 45DE9C8C19A8BB82004AB634 /* TDL */;
			targetProxy = 45DE9CA019A8BB82004AB634 /* PBXContainerItemProxy */;
		};
/* End PBXTargetDependency section */

/* Begin XCBuildConfiguration section */
		45DE9CA719A8BB82004AB634 /* Debug */ = {
			isa = XCBuildConfiguration;
			buildSettings = {
				ALWAYS_SEARCH_USER_PATHS = NO;
				CLANG_CXX_LANGUAGE_STANDARD = "gnu++0x";
				CLANG_CXX_LIBRARY = "libc++";
				CLANG_ENABLE_MODULES = YES;
				CLANG_ENABLE_OBJC_ARC = YES;
				CLANG_WARN_BOOL_CONVERSION = YES;
				CLANG_WARN_CONSTANT_CONVERSION = YES;
				CLANG_WARN_DIRECT_OBJC_ISA_USAGE = YES_ERROR;
				CLANG_WARN_EMPTY_BODY = YES;
				CLANG_WARN_ENUM_CONVERSION = YES;
				CLANG_WARN_INT_CONVERSION = YES;
				CLANG_WARN_OBJC_ROOT_CLASS = YES_ERROR;
				CLANG_WARN_UNREACHABLE_CODE = YES;
				CLANG_WARN__DUPLICATE_METHOD_MATCH = YES;
				"CODE_SIGN_IDENTITY[sdk=iphoneos*]" = "iPhone Developer";
				COPY_PHASE_STRIP = NO;
				ENABLE_STRICT_OBJC_MSGSEND = YES;
				GCC_C_LANGUAGE_STANDARD = gnu99;
				GCC_DYNAMIC_NO_PIC = NO;
				GCC_OPTIMIZATION_LEVEL = 0;
				GCC_PREPROCESSOR_DEFINITIONS = (
					"DEBUG=1",
					"$(inherited)",
				);
				GCC_SYMBOLS_PRIVATE_EXTERN = NO;
				GCC_WARN_64_TO_32_BIT_CONVERSION = YES;
				GCC_WARN_ABOUT_RETURN_TYPE = YES_ERROR;
				GCC_WARN_UNDECLARED_SELECTOR = YES;
				GCC_WARN_UNINITIALIZED_AUTOS = YES_AGGRESSIVE;
				GCC_WARN_UNUSED_FUNCTION = YES;
				GCC_WARN_UNUSED_VARIABLE = YES;
				IPHONEOS_DEPLOYMENT_TARGET = 8.0;
				MTL_ENABLE_DEBUG_INFO = YES;
				ONLY_ACTIVE_ARCH = YES;
				SDKROOT = iphoneos;
				SWIFT_OPTIMIZATION_LEVEL = "-Onone";
			};
			name = Debug;
		};
		45DE9CA819A8BB82004AB634 /* Release */ = {
			isa = XCBuildConfiguration;
			buildSettings = {
				ALWAYS_SEARCH_USER_PATHS = NO;
				CLANG_CXX_LANGUAGE_STANDARD = "gnu++0x";
				CLANG_CXX_LIBRARY = "libc++";
				CLANG_ENABLE_MODULES = YES;
				CLANG_ENABLE_OBJC_ARC = YES;
				CLANG_WARN_BOOL_CONVERSION = YES;
				CLANG_WARN_CONSTANT_CONVERSION = YES;
				CLANG_WARN_DIRECT_OBJC_ISA_USAGE = YES_ERROR;
				CLANG_WARN_EMPTY_BODY = YES;
				CLANG_WARN_ENUM_CONVERSION = YES;
				CLANG_WARN_INT_CONVERSION = YES;
				CLANG_WARN_OBJC_ROOT_CLASS = YES_ERROR;
				CLANG_WARN_UNREACHABLE_CODE = YES;
				CLANG_WARN__DUPLICATE_METHOD_MATCH = YES;
				"CODE_SIGN_IDENTITY[sdk=iphoneos*]" = "iPhone Developer";
				COPY_PHASE_STRIP = YES;
				ENABLE_NS_ASSERTIONS = NO;
				ENABLE_STRICT_OBJC_MSGSEND = YES;
				GCC_C_LANGUAGE_STANDARD = gnu99;
				GCC_WARN_64_TO_32_BIT_CONVERSION = YES;
				GCC_WARN_ABOUT_RETURN_TYPE = YES_ERROR;
				GCC_WARN_UNDECLARED_SELECTOR = YES;
				GCC_WARN_UNINITIALIZED_AUTOS = YES_AGGRESSIVE;
				GCC_WARN_UNUSED_FUNCTION = YES;
				GCC_WARN_UNUSED_VARIABLE = YES;
				IPHONEOS_DEPLOYMENT_TARGET = 8.0;
				MTL_ENABLE_DEBUG_INFO = NO;
				SDKROOT = iphoneos;
				VALIDATE_PRODUCT = YES;
			};
			name = Release;
		};
		45DE9CAA19A8BB82004AB634 /* Debug */ = {
			isa = XCBuildConfiguration;
			buildSettings = {
				ASSETCATALOG_COMPILER_APPICON_NAME = AppIcon;
				ASSETCATALOG_COMPILER_LAUNCHIMAGE_NAME = LaunchImage;
				INFOPLIST_FILE = TDL/Info.plist;
				LD_RUNPATH_SEARCH_PATHS = "$(inherited) @executable_path/Frameworks";
				PRODUCT_NAME = "$(TARGET_NAME)";
			};
			name = Debug;
		};
		45DE9CAB19A8BB82004AB634 /* Release */ = {
			isa = XCBuildConfiguration;
			buildSettings = {
				ASSETCATALOG_COMPILER_APPICON_NAME = AppIcon;
				ASSETCATALOG_COMPILER_LAUNCHIMAGE_NAME = LaunchImage;
				INFOPLIST_FILE = TDL/Info.plist;
				LD_RUNPATH_SEARCH_PATHS = "$(inherited) @executable_path/Frameworks";
				PRODUCT_NAME = "$(TARGET_NAME)";
			};
			name = Release;
		};
		45DE9CAD19A8BB82004AB634 /* Debug */ = {
			isa = XCBuildConfiguration;
			buildSettings = {
				BUNDLE_LOADER = "$(TEST_HOST)";
				FRAMEWORK_SEARCH_PATHS = (
					"$(SDKROOT)/Developer/Library/Frameworks",
					"$(inherited)",
				);
				GCC_PREPROCESSOR_DEFINITIONS = (
					"DEBUG=1",
					"$(inherited)",
				);
				INFOPLIST_FILE = TDLTests/Info.plist;
				LD_RUNPATH_SEARCH_PATHS = "$(inherited) @executable_path/Frameworks @loader_path/Frameworks";
				PRODUCT_NAME = "$(TARGET_NAME)";
				TEST_HOST = "$(BUILT_PRODUCTS_DIR)/TDL.app/TDL";
			};
			name = Debug;
		};
		45DE9CAE19A8BB82004AB634 /* Release */ = {
			isa = XCBuildConfiguration;
			buildSettings = {
				BUNDLE_LOADER = "$(TEST_HOST)";
				FRAMEWORK_SEARCH_PATHS = (
					"$(SDKROOT)/Developer/Library/Frameworks",
					"$(inherited)",
				);
				INFOPLIST_FILE = TDLTests/Info.plist;
				LD_RUNPATH_SEARCH_PATHS = "$(inherited) @executable_path/Frameworks @loader_path/Frameworks";
				PRODUCT_NAME = "$(TARGET_NAME)";
				TEST_HOST = "$(BUILT_PRODUCTS_DIR)/TDL.app/TDL";
			};
			name = Release;
		};
/* End XCBuildConfiguration section */

/* Begin XCConfigurationList section */
		45DE9C8819A8BB82004AB634 /* Build configuration list for PBXProject "TDL" */ = {
			isa = XCConfigurationList;
			buildConfigurations = (
				45DE9CA719A8BB82004AB634 /* Debug */,
				45DE9CA819A8BB82004AB634 /* Release */,
			);
			defaultConfigurationIsVisible = 0;
			defaultConfigurationName = Release;
		};
		45DE9CA919A8BB82004AB634 /* Build configuration list for PBXNativeTarget "TDL" */ = {
			isa = XCConfigurationList;
			buildConfigurations = (
				45DE9CAA19A8BB82004AB634 /* Debug */,
				45DE9CAB19A8BB82004AB634 /* Release */,
			);
			defaultConfigurationIsVisible = 0;
			defaultConfigurationName = Release;
		};
		45DE9CAC19A8BB82004AB634 /* Build configuration list for PBXNativeTarget "TDLTests" */ = {
			isa = XCConfigurationList;
			buildConfigurations = (
				45DE9CAD19A8BB82004AB634 /* Debug */,
				45DE9CAE19A8BB82004AB634 /* Release */,
			);
			defaultConfigurationIsVisible = 0;
			defaultConfigurationName = Release;
		};
/* End XCConfigurationList section */
	};
	rootObject = 45DE9C8519A8BB82004AB634 /* Project object */;
}
